// !$*UTF8*$!
{
	archiveVersion = 1;
	classes = {
	};
	objectVersion = 46;
	objects = {

/* Begin PBXBuildFile section */
		04207B821E0813A300E641F2 /* zhiboCell.swift in Sources */ = {isa = PBXBuildFile; fileRef = 04207B811E0813A300E641F2 /* zhiboCell.swift */; };
		04207B861E0824A800E641F2 /* yuleCell.swift in Sources */ = {isa = PBXBuildFile; fileRef = 04207B851E0824A800E641F2 /* yuleCell.swift */; };
		042307011DEECE08006FA657 /* secondViewController.swift in Sources */ = {isa = PBXBuildFile; fileRef = 042307001DEECE08006FA657 /* secondViewController.swift */; };
		042307031DEECE18006FA657 /* thirdViewController.swift in Sources */ = {isa = PBXBuildFile; fileRef = 042307021DEECE18006FA657 /* thirdViewController.swift */; };
		042307051DEECE5E006FA657 /* TabController.swift in Sources */ = {isa = PBXBuildFile; fileRef = 042307041DEECE5E006FA657 /* TabController.swift */; };
		04247BAB1E0C04420088EEDE /* junshiViewController.swift in Sources */ = {isa = PBXBuildFile; fileRef = 04247BAA1E0C04420088EEDE /* junshiViewController.swift */; };
		04247BAD1E0C046E0088EEDE /* junshiCell.swift in Sources */ = {isa = PBXBuildFile; fileRef = 04247BAC1E0C046E0088EEDE /* junshiCell.swift */; };
		04247BAF1E0C05C20088EEDE /* junshiDetailController.swift in Sources */ = {isa = PBXBuildFile; fileRef = 04247BAE1E0C05C20088EEDE /* junshiDetailController.swift */; };
		04257A741E06D0ED00B4864E /* fourthViewController.swift in Sources */ = {isa = PBXBuildFile; fileRef = 04257A731E06D0ED00B4864E /* fourthViewController.swift */; };
		04257A761E06D9CF00B4864E /* NewsCell.swift in Sources */ = {isa = PBXBuildFile; fileRef = 04257A751E06D9CF00B4864E /* NewsCell.swift */; };
		042B89311E096A2B0078BE49 /* shehuiDetailController.swift in Sources */ = {isa = PBXBuildFile; fileRef = 042B89301E096A2B0078BE49 /* shehuiDetailController.swift */; };
		04A6FD591E07B2FF00277F15 /* NIubiController.swift in Sources */ = {isa = PBXBuildFile; fileRef = 04A6FD581E07B2FF00277F15 /* NIubiController.swift */; };
		04B8EB101E0D631F009C0C2B /* ContentView.swift in Sources */ = {isa = PBXBuildFile; fileRef = 04B8EB0C1E0D631F009C0C2B /* ContentView.swift */; };
		04B8EB111E0D631F009C0C2B /* ScrollPageView.swift in Sources */ = {isa = PBXBuildFile; fileRef = 04B8EB0D1E0D631F009C0C2B /* ScrollPageView.swift */; };
		04B8EB121E0D631F009C0C2B /* ScrollSegmentView.swift in Sources */ = {isa = PBXBuildFile; fileRef = 04B8EB0E1E0D631F009C0C2B /* ScrollSegmentView.swift */; };
		04B8EB131E0D631F009C0C2B /* SegmentStyle.swift in Sources */ = {isa = PBXBuildFile; fileRef = 04B8EB0F1E0D631F009C0C2B /* SegmentStyle.swift */; };
		04C4CCB41E082A8E00D96735 /* yuleDetailController.swift in Sources */ = {isa = PBXBuildFile; fileRef = 04C4CCB31E082A8E00D96735 /* yuleDetailController.swift */; };
		343C2A9F1DE68C2800F09F18 /* AppDelegate.swift in Sources */ = {isa = PBXBuildFile; fileRef = 343C2A9E1DE68C2800F09F18 /* AppDelegate.swift */; };
		343C2AA41DE68C2800F09F18 /* Main.storyboard in Resources */ = {isa = PBXBuildFile; fileRef = 343C2AA21DE68C2800F09F18 /* Main.storyboard */; };
		343C2AA61DE68C2800F09F18 /* Assets.xcassets in Resources */ = {isa = PBXBuildFile; fileRef = 343C2AA51DE68C2800F09F18 /* Assets.xcassets */; };
		343C2AA91DE68C2800F09F18 /* LaunchScreen.storyboard in Resources */ = {isa = PBXBuildFile; fileRef = 343C2AA71DE68C2800F09F18 /* LaunchScreen.storyboard */; };
		343C2AB11DE68D2A00F09F18 /* MainController.swift in Sources */ = {isa = PBXBuildFile; fileRef = 343C2AB01DE68D2A00F09F18 /* MainController.swift */; };
		343C2AB31DE68D4000F09F18 /* DetailController.swift in Sources */ = {isa = PBXBuildFile; fileRef = 343C2AB21DE68D4000F09F18 /* DetailController.swift */; };
		343C2AB61DE6927E00F09F18 /* NewsItem.swift in Sources */ = {isa = PBXBuildFile; fileRef = 343C2AB51DE6927E00F09F18 /* NewsItem.swift */; };
/* End PBXBuildFile section */

/* Begin PBXFileReference section */
		04207B811E0813A300E641F2 /* zhiboCell.swift */ = {isa = PBXFileReference; fileEncoding = 4; lastKnownFileType = sourcecode.swift; path = zhiboCell.swift; sourceTree = "<group>"; };
		04207B851E0824A800E641F2 /* yuleCell.swift */ = {isa = PBXFileReference; fileEncoding = 4; lastKnownFileType = sourcecode.swift; path = yuleCell.swift; sourceTree = "<group>"; };
		042307001DEECE08006FA657 /* secondViewController.swift */ = {isa = PBXFileReference; fileEncoding = 4; lastKnownFileType = sourcecode.swift; path = secondViewController.swift; sourceTree = "<group>"; };
		042307021DEECE18006FA657 /* thirdViewController.swift */ = {isa = PBXFileReference; fileEncoding = 4; lastKnownFileType = sourcecode.swift; path = thirdViewController.swift; sourceTree = "<group>"; };
		042307041DEECE5E006FA657 /* TabController.swift */ = {isa = PBXFileReference; fileEncoding = 4; lastKnownFileType = sourcecode.swift; path = TabController.swift; sourceTree = "<group>"; };
		04247BAA1E0C04420088EEDE /* junshiViewController.swift */ = {isa = PBXFileReference; fileEncoding = 4; lastKnownFileType = sourcecode.swift; path = junshiViewController.swift; sourceTree = "<group>"; };
		04247BAC1E0C046E0088EEDE /* junshiCell.swift */ = {isa = PBXFileReference; fileEncoding = 4; lastKnownFileType = sourcecode.swift; path = junshiCell.swift; sourceTree = "<group>"; };
		04247BAE1E0C05C20088EEDE /* junshiDetailController.swift */ = {isa = PBXFileReference; fileEncoding = 4; lastKnownFileType = sourcecode.swift; path = junshiDetailController.swift; sourceTree = "<group>"; };
		04257A731E06D0ED00B4864E /* fourthViewController.swift */ = {isa = PBXFileReference; fileEncoding = 4; lastKnownFileType = sourcecode.swift; path = fourthViewController.swift; sourceTree = "<group>"; };
		04257A751E06D9CF00B4864E /* NewsCell.swift */ = {isa = PBXFileReference; fileEncoding = 4; lastKnownFileType = sourcecode.swift; path = NewsCell.swift; sourceTree = "<group>"; };
		042B89301E096A2B0078BE49 /* shehuiDetailController.swift */ = {isa = PBXFileReference; fileEncoding = 4; lastKnownFileType = sourcecode.swift; path = shehuiDetailController.swift; sourceTree = "<group>"; };
		04A6FD581E07B2FF00277F15 /* NIubiController.swift */ = {isa = PBXFileReference; fileEncoding = 4; lastKnownFileType = sourcecode.swift; path = NIubiController.swift; sourceTree = "<group>"; };
		04B8EB0C1E0D631F009C0C2B /* ContentView.swift */ = {isa = PBXFileReference; fileEncoding = 4; lastKnownFileType = sourcecode.swift; name = ContentView.swift; path = "../../ScrollPageView 2/ContentView.swift"; sourceTree = "<group>"; };
		04B8EB0D1E0D631F009C0C2B /* ScrollPageView.swift */ = {isa = PBXFileReference; fileEncoding = 4; lastKnownFileType = sourcecode.swift; name = ScrollPageView.swift; path = "../../ScrollPageView 2/ScrollPageView.swift"; sourceTree = "<group>"; };
		04B8EB0E1E0D631F009C0C2B /* ScrollSegmentView.swift */ = {isa = PBXFileReference; fileEncoding = 4; lastKnownFileType = sourcecode.swift; name = ScrollSegmentView.swift; path = "../../ScrollPageView 2/ScrollSegmentView.swift"; sourceTree = "<group>"; };
		04B8EB0F1E0D631F009C0C2B /* SegmentStyle.swift */ = {isa = PBXFileReference; fileEncoding = 4; lastKnownFileType = sourcecode.swift; name = SegmentStyle.swift; path = "../../ScrollPageView 2/SegmentStyle.swift"; sourceTree = "<group>"; };
		04C4CCB31E082A8E00D96735 /* yuleDetailController.swift */ = {isa = PBXFileReference; fileEncoding = 4; lastKnownFileType = sourcecode.swift; path = yuleDetailController.swift; sourceTree = "<group>"; };
		343C2A9B1DE68C2800F09F18 /* news163Sample.app */ = {isa = PBXFileReference; explicitFileType = wrapper.application; includeInIndex = 0; path = news163Sample.app; sourceTree = BUILT_PRODUCTS_DIR; };
		343C2A9E1DE68C2800F09F18 /* AppDelegate.swift */ = {isa = PBXFileReference; lastKnownFileType = sourcecode.swift; path = AppDelegate.swift; sourceTree = "<group>"; };
		343C2AA31DE68C2800F09F18 /* Base */ = {isa = PBXFileReference; lastKnownFileType = file.storyboard; name = Base; path = Base.lproj/Main.storyboard; sourceTree = "<group>"; };
		343C2AA51DE68C2800F09F18 /* Assets.xcassets */ = {isa = PBXFileReference; lastKnownFileType = folder.assetcatalog; path = Assets.xcassets; sourceTree = "<group>"; };
		343C2AA81DE68C2800F09F18 /* Base */ = {isa = PBXFileReference; lastKnownFileType = file.storyboard; name = Base; path = Base.lproj/LaunchScreen.storyboard; sourceTree = "<group>"; };
		343C2AAA1DE68C2800F09F18 /* Info.plist */ = {isa = PBXFileReference; lastKnownFileType = text.plist.xml; path = Info.plist; sourceTree = "<group>"; };
		343C2AB01DE68D2A00F09F18 /* MainController.swift */ = {isa = PBXFileReference; fileEncoding = 4; lastKnownFileType = sourcecode.swift; path = MainController.swift; sourceTree = "<group>"; };
		343C2AB21DE68D4000F09F18 /* DetailController.swift */ = {isa = PBXFileReference; fileEncoding = 4; lastKnownFileType = sourcecode.swift; path = DetailController.swift; sourceTree = "<group>"; };
		343C2AB51DE6927E00F09F18 /* NewsItem.swift */ = {isa = PBXFileReference; fileEncoding = 4; lastKnownFileType = sourcecode.swift; path = NewsItem.swift; sourceTree = "<group>"; };
/* End PBXFileReference section */

/* Begin PBXFrameworksBuildPhase section */
		343C2A981DE68C2800F09F18 /* Frameworks */ = {
			isa = PBXFrameworksBuildPhase;
			buildActionMask = 2147483647;
			files = (
			);
			runOnlyForDeploymentPostprocessing = 0;
		};
/* End PBXFrameworksBuildPhase section */

/* Begin PBXGroup section */
		04B8EB0B1E0D62FD009C0C2B /* ScrollPageView */ = {
			isa = PBXGroup;
			children = (
				04B8EB0C1E0D631F009C0C2B /* ContentView.swift */,
				04B8EB0D1E0D631F009C0C2B /* ScrollPageView.swift */,
				04B8EB0E1E0D631F009C0C2B /* ScrollSegmentView.swift */,
				04B8EB0F1E0D631F009C0C2B /* SegmentStyle.swift */,
			);
			name = ScrollPageView;
			sourceTree = "<group>";
		};
		343C2A921DE68C2800F09F18 = {
			isa = PBXGroup;
			children = (
				343C2A9D1DE68C2800F09F18 /* news163Sample */,
				343C2A9C1DE68C2800F09F18 /* Products */,
			);
			sourceTree = "<group>";
		};
		343C2A9C1DE68C2800F09F18 /* Products */ = {
			isa = PBXGroup;
			children = (
				343C2A9B1DE68C2800F09F18 /* news163Sample.app */,
			);
			name = Products;
			sourceTree = "<group>";
		};
		343C2A9D1DE68C2800F09F18 /* news163Sample */ = {
			isa = PBXGroup;
			children = (
				04B8EB0B1E0D62FD009C0C2B /* ScrollPageView */,
				343C2AB41DE6926900F09F18 /* Model */,
				343C2AA21DE68C2800F09F18 /* Main.storyboard */,
				343C2AA71DE68C2800F09F18 /* LaunchScreen.storyboard */,
				343C2A9E1DE68C2800F09F18 /* AppDelegate.swift */,
				042307041DEECE5E006FA657 /* TabController.swift */,
				343C2AB01DE68D2A00F09F18 /* MainController.swift */,
				042307001DEECE08006FA657 /* secondViewController.swift */,
				042307021DEECE18006FA657 /* thirdViewController.swift */,
				04257A731E06D0ED00B4864E /* fourthViewController.swift */,
				343C2AB21DE68D4000F09F18 /* DetailController.swift */,
				04C4CCB31E082A8E00D96735 /* yuleDetailController.swift */,
				042B89301E096A2B0078BE49 /* shehuiDetailController.swift */,
				04247BAA1E0C04420088EEDE /* junshiViewController.swift */,
				04247BAE1E0C05C20088EEDE /* junshiDetailController.swift */,
				04A6FD581E07B2FF00277F15 /* NIubiController.swift */,
				343C2AAA1DE68C2800F09F18 /* Info.plist */,
				343C2AA51DE68C2800F09F18 /* Assets.xcassets */,
			);
			path = news163Sample;
			sourceTree = "<group>";
		};
		343C2AB41DE6926900F09F18 /* Model */ = {
			isa = PBXGroup;
			children = (
				343C2AB51DE6927E00F09F18 /* NewsItem.swift */,
				04257A751E06D9CF00B4864E /* NewsCell.swift */,
				04207B811E0813A300E641F2 /* zhiboCell.swift */,
				04207B851E0824A800E641F2 /* yuleCell.swift */,
				04247BAC1E0C046E0088EEDE /* junshiCell.swift */,
			);
			name = Model;
			sourceTree = "<group>";
		};
/* End PBXGroup section */

/* Begin PBXNativeTarget section */
		343C2A9A1DE68C2800F09F18 /* news163Sample */ = {
			isa = PBXNativeTarget;
			buildConfigurationList = 343C2AAD1DE68C2800F09F18 /* Build configuration list for PBXNativeTarget "news163Sample" */;
			buildPhases = (
				343C2A971DE68C2800F09F18 /* Sources */,
				343C2A981DE68C2800F09F18 /* Frameworks */,
				343C2A991DE68C2800F09F18 /* Resources */,
			);
			buildRules = (
			);
			dependencies = (
			);
			name = news163Sample;
			productName = news163Sample;
			productReference = 343C2A9B1DE68C2800F09F18 /* news163Sample.app */;
			productType = "com.apple.product-type.application";
		};
/* End PBXNativeTarget section */

/* Begin PBXProject section */
		343C2A931DE68C2800F09F18 /* Project object */ = {
			isa = PBXProject;
			attributes = {
				LastSwiftUpdateCheck = 0800;
				LastUpgradeCheck = 0810;
				ORGANIZATIONNAME = chuna;
				TargetAttributes = {
					343C2A9A1DE68C2800F09F18 = {
						CreatedOnToolsVersion = 8.0;
						ProvisioningStyle = Automatic;
					};
				};
			};
			buildConfigurationList = 343C2A961DE68C2800F09F18 /* Build configuration list for PBXProject "news163Sample" */;
			compatibilityVersion = "Xcode 3.2";
			developmentRegion = English;
			hasScannedForEncodings = 0;
			knownRegions = (
				en,
				Base,
			);
			mainGroup = 343C2A921DE68C2800F09F18;
			productRefGroup = 343C2A9C1DE68C2800F09F18 /* Products */;
			projectDirPath = "";
			projectRoot = "";
			targets = (
				343C2A9A1DE68C2800F09F18 /* news163Sample */,
			);
		};
/* End PBXProject section */

/* Begin PBXResourcesBuildPhase section */
		343C2A991DE68C2800F09F18 /* Resources */ = {
			isa = PBXResourcesBuildPhase;
			buildActionMask = 2147483647;
			files = (
				343C2AA91DE68C2800F09F18 /* LaunchScreen.storyboard in Resources */,
				343C2AA61DE68C2800F09F18 /* Assets.xcassets in Resources */,
				343C2AA41DE68C2800F09F18 /* Main.storyboard in Resources */,
			);
			runOnlyForDeploymentPostprocessing = 0;
		};
/* End PBXResourcesBuildPhase section */

/* Begin PBXSourcesBuildPhase section */
		343C2A971DE68C2800F09F18 /* Sources */ = {
			isa = PBXSourcesBuildPhase;
			buildActionMask = 2147483647;
			files = (
				04207B861E0824A800E641F2 /* yuleCell.swift in Sources */,
				04C4CCB41E082A8E00D96735 /* yuleDetailController.swift in Sources */,
				04247BAF1E0C05C20088EEDE /* junshiDetailController.swift in Sources */,
				042307051DEECE5E006FA657 /* TabController.swift in Sources */,
				04B8EB131E0D631F009C0C2B /* SegmentStyle.swift in Sources */,
				04257A761E06D9CF00B4864E /* NewsCell.swift in Sources */,
				042B89311E096A2B0078BE49 /* shehuiDetailController.swift in Sources */,
				343C2AB11DE68D2A00F09F18 /* MainController.swift in Sources */,
				04B8EB121E0D631F009C0C2B /* ScrollSegmentView.swift in Sources */,
				04207B821E0813A300E641F2 /* zhiboCell.swift in Sources */,
				343C2AB61DE6927E00F09F18 /* NewsItem.swift in Sources */,
				042307031DEECE18006FA657 /* thirdViewController.swift in Sources */,
				04247BAD1E0C046E0088EEDE /* junshiCell.swift in Sources */,
				04257A741E06D0ED00B4864E /* fourthViewController.swift in Sources */,
				343C2AB31DE68D4000F09F18 /* DetailController.swift in Sources */,
				04247BAB1E0C04420088EEDE /* junshiViewController.swift in Sources */,
				04B8EB111E0D631F009C0C2B /* ScrollPageView.swift in Sources */,
				04B8EB101E0D631F009C0C2B /* ContentView.swift in Sources */,
				042307011DEECE08006FA657 /* secondViewController.swift in Sources */,
				343C2A9F1DE68C2800F09F18 /* AppDelegate.swift in Sources */,
				04A6FD591E07B2FF00277F15 /* NIubiController.swift in Sources */,
			);
			runOnlyForDeploymentPostprocessing = 0;
		};
/* End PBXSourcesBuildPhase section */

/* Begin PBXVariantGroup section */
		343C2AA21DE68C2800F09F18 /* Main.storyboard */ = {
			isa = PBXVariantGroup;
			children = (
				343C2AA31DE68C2800F09F18 /* Base */,
			);
			name = Main.storyboard;
			sourceTree = "<group>";
		};
		343C2AA71DE68C2800F09F18 /* LaunchScreen.storyboard */ = {
			isa = PBXVariantGroup;
			children = (
				343C2AA81DE68C2800F09F18 /* Base */,
			);
			name = LaunchScreen.storyboard;
			sourceTree = "<group>";
		};
/* End PBXVariantGroup section */

/* Begin XCBuildConfiguration section */
		343C2AAB1DE68C2800F09F18 /* Debug */ = {
			isa = XCBuildConfiguration;
			buildSettings = {
				ALWAYS_SEARCH_USER_PATHS = NO;
				CLANG_ANALYZER_NONNULL = YES;
				CLANG_CXX_LANGUAGE_STANDARD = "gnu++0x";
				CLANG_CXX_LIBRARY = "libc++";
				CLANG_ENABLE_MODULES = YES;
				CLANG_ENABLE_OBJC_ARC = YES;
				CLANG_WARN_BOOL_CONVERSION = YES;
				CLANG_WARN_CONSTANT_CONVERSION = YES;
				CLANG_WARN_DIRECT_OBJC_ISA_USAGE = YES_ERROR;
				CLANG_WARN_DOCUMENTATION_COMMENTS = YES;
				CLANG_WARN_EMPTY_BODY = YES;
				CLANG_WARN_ENUM_CONVERSION = YES;
				CLANG_WARN_INFINITE_RECURSION = YES;
				CLANG_WARN_INT_CONVERSION = YES;
				CLANG_WARN_OBJC_ROOT_CLASS = YES_ERROR;
				CLANG_WARN_SUSPICIOUS_MOVE = YES;
				CLANG_WARN_SUSPICIOUS_MOVES = YES;
				CLANG_WARN_UNREACHABLE_CODE = YES;
				CLANG_WARN__DUPLICATE_METHOD_MATCH = YES;
				"CODE_SIGN_IDENTITY[sdk=iphoneos*]" = "iPhone Developer";
				COPY_PHASE_STRIP = NO;
				DEBUG_INFORMATION_FORMAT = dwarf;
				ENABLE_STRICT_OBJC_MSGSEND = YES;
				ENABLE_TESTABILITY = YES;
				GCC_C_LANGUAGE_STANDARD = gnu99;
				GCC_DYNAMIC_NO_PIC = NO;
				GCC_NO_COMMON_BLOCKS = YES;
				GCC_OPTIMIZATION_LEVEL = 0;
				GCC_PREPROCESSOR_DEFINITIONS = (
					"DEBUG=1",
					"$(inherited)",
				);
				GCC_WARN_64_TO_32_BIT_CONVERSION = YES;
				GCC_WARN_ABOUT_RETURN_TYPE = YES_ERROR;
				GCC_WARN_UNDECLARED_SELECTOR = YES;
				GCC_WARN_UNINITIALIZED_AUTOS = YES_AGGRESSIVE;
				GCC_WARN_UNUSED_FUNCTION = YES;
				GCC_WARN_UNUSED_VARIABLE = YES;
				IPHONEOS_DEPLOYMENT_TARGET = 10.0;
				MTL_ENABLE_DEBUG_INFO = YES;
				ONLY_ACTIVE_ARCH = YES;
				SDKROOT = iphoneos;
				SWIFT_ACTIVE_COMPILATION_CONDITIONS = DEBUG;
				SWIFT_OPTIMIZATION_LEVEL = "-Onone";
				SWIFT_VERSION = 2.3;
				TARGETED_DEVICE_FAMILY = "1,2";
			};
			name = Debug;
		};
		343C2AAC1DE68C2800F09F18 /* Release */ = {
			isa = XCBuildConfiguration;
			buildSettings = {
				ALWAYS_SEARCH_USER_PATHS = NO;
				CLANG_ANALYZER_NONNULL = YES;
				CLANG_CXX_LANGUAGE_STANDARD = "gnu++0x";
				CLANG_CXX_LIBRARY = "libc++";
				CLANG_ENABLE_MODULES = YES;
				CLANG_ENABLE_OBJC_ARC = YES;
				CLANG_WARN_BOOL_CONVERSION = YES;
				CLANG_WARN_CONSTANT_CONVERSION = YES;
				CLANG_WARN_DIRECT_OBJC_ISA_USAGE = YES_ERROR;
				CLANG_WARN_DOCUMENTATION_COMMENTS = YES;
				CLANG_WARN_EMPTY_BODY = YES;
				CLANG_WARN_ENUM_CONVERSION = YES;
				CLANG_WARN_INFINITE_RECURSION = YES;
				CLANG_WARN_INT_CONVERSION = YES;
				CLANG_WARN_OBJC_ROOT_CLASS = YES_ERROR;
				CLANG_WARN_SUSPICIOUS_MOVE = YES;
				CLANG_WARN_SUSPICIOUS_MOVES = YES;
				CLANG_WARN_UNREACHABLE_CODE = YES;
				CLANG_WARN__DUPLICATE_METHOD_MATCH = YES;
				"CODE_SIGN_IDENTITY[sdk=iphoneos*]" = "iPhone Developer";
				COPY_PHASE_STRIP = NO;
				DEBUG_INFORMATION_FORMAT = "dwarf-with-dsym";
				ENABLE_NS_ASSERTIONS = NO;
				ENABLE_STRICT_OBJC_MSGSEND = YES;
				GCC_C_LANGUAGE_STANDARD = gnu99;
				GCC_NO_COMMON_BLOCKS = YES;
				GCC_WARN_64_TO_32_BIT_CONVERSION = YES;
				GCC_WARN_ABOUT_RETURN_TYPE = YES_ERROR;
				GCC_WARN_UNDECLARED_SELECTOR = YES;
				GCC_WARN_UNINITIALIZED_AUTOS = YES_AGGRESSIVE;
				GCC_WARN_UNUSED_FUNCTION = YES;
				GCC_WARN_UNUSED_VARIABLE = YES;
				IPHONEOS_DEPLOYMENT_TARGET = 10.0;
				MTL_ENABLE_DEBUG_INFO = NO;
				SDKROOT = iphoneos;
				SWIFT_OPTIMIZATION_LEVEL = "-Owholemodule";
				SWIFT_VERSION = 2.3;
				TARGETED_DEVICE_FAMILY = "1,2";
				VALIDATE_PRODUCT = YES;
			};
			name = Release;
		};
		343C2AAE1DE68C2800F09F18 /* Debug */ = {
			isa = XCBuildConfiguration;
			buildSettings = {
				ASSETCATALOG_COMPILER_APPICON_NAME = AppIcon;
				INFOPLIST_FILE = news163Sample/Info.plist;
				LD_RUNPATH_SEARCH_PATHS = "$(inherited) @executable_path/Frameworks";
				PRODUCT_BUNDLE_IDENTIFIER = com.neusoft.news163Sample;
				PRODUCT_NAME = "$(TARGET_NAME)";
				SWIFT_VERSION = 2.3;
			};
			name = Debug;
		};
		343C2AAF1DE68C2800F09F18 /* Release */ = {
			isa = XCBuildConfiguration;
			buildSettings = {
				ASSETCATALOG_COMPILER_APPICON_NAME = AppIcon;
				INFOPLIST_FILE = news163Sample/Info.plist;
				LD_RUNPATH_SEARCH_PATHS = "$(inherited) @executable_path/Frameworks";
				PRODUCT_BUNDLE_IDENTIFIER = com.neusoft.news163Sample;
				PRODUCT_NAME = "$(TARGET_NAME)";
				SWIFT_VERSION = 2.3;
			};
			name = Release;
		};
/* End XCBuildConfiguration section */

/* Begin XCConfigurationList section */
		343C2A961DE68C2800F09F18 /* Build configuration list for PBXProject "news163Sample" */ = {
			isa = XCConfigurationList;
			buildConfigurations = (
				343C2AAB1DE68C2800F09F18 /* Debug */,
				343C2AAC1DE68C2800F09F18 /* Release */,
			);
			defaultConfigurationIsVisible = 0;
			defaultConfigurationName = Release;
		};
		343C2AAD1DE68C2800F09F18 /* Build configuration list for PBXNativeTarget "news163Sample" */ = {
			isa = XCConfigurationList;
			buildConfigurations = (
				343C2AAE1DE68C2800F09F18 /* Debug */,
				343C2AAF1DE68C2800F09F18 /* Release */,
			);
			defaultConfigurationIsVisible = 0;
			defaultConfigurationName = Release;
		};
/* End XCConfigurationList section */
	};
	rootObject = 343C2A931DE68C2800F09F18 /* Project object */;
}
